Microsoft Visual Studio Solution File, Format Version 12.00
# Visual Studio 16
Project("{2150E333-8FDC-42A3-9474-1A3956D46DE8}") = "CMakePredefinedTargets", "CMakePredefinedTargets", "{19FA24C1-3D1F-3348-9283-67AA74CC3E9F}"
EndProject
Project("{2150E333-8FDC-42A3-9474-1A3956D46DE8}") = "GLFW3", "GLFW3", "{F82FD645-62DC-3FC6-BC97-758F6754162D}"
EndProject
Project("{8BC9CEB8-8B4A-11D0-8D11-00A0C91BC942}") = "ALL_BUILD", "ALL_BUILD.vcxproj", "{9A13BE7D-88DB-30C3-A2AD-85F639E99415}"
	ProjectSection(ProjectDependencies) = postProject
		{2E0D7817-C365-3642-9A75-ACBEE362F7D7} = {2E0D7817-C365-3642-9A75-ACBEE362F7D7}
		{CE2B2D83-713D-3257-BFB2-67DB6C65C514} = {CE2B2D83-713D-3257-BFB2-67DB6C65C514}
		{ED9B6EDD-D638-3B82-85AA-1929E6B740FF} = {ED9B6EDD-D638-3B82-85AA-1929E6B740FF}
		{8ED39254-D427-39A6-A45F-5915BF10A476} = {8ED39254-D427-39A6-A45F-5915BF10A476}
		{DE80C894-CC73-3331-8637-132C174C35CA} = {DE80C894-CC73-3331-8637-132C174C35CA}
		{B82C2B5F-A01D-37FE-A219-E7ED6502A461} = {B82C2B5F-A01D-37FE-A219-E7ED6502A461}
	EndProjectSection
EndProject
Project("{8BC9CEB8-8B4A-11D0-8D11-00A0C91BC942}") = "ApproximatingWithDOGs_bin", "ApproximatingWithDOGs_bin.vcxproj", "{2E0D7817-C365-3642-9A75-ACBEE362F7D7}"
	ProjectSection(ProjectDependencies) = postProject
		{CE2B2D83-713D-3257-BFB2-67DB6C65C514} = {CE2B2D83-713D-3257-BFB2-67DB6C65C514}
		{ED9B6EDD-D638-3B82-85AA-1929E6B740FF} = {ED9B6EDD-D638-3B82-85AA-1929E6B740FF}
		{8ED39254-D427-39A6-A45F-5915BF10A476} = {8ED39254-D427-39A6-A45F-5915BF10A476}
		{DE80C894-CC73-3331-8637-132C174C35CA} = {DE80C894-CC73-3331-8637-132C174C35CA}
		{B82C2B5F-A01D-37FE-A219-E7ED6502A461} = {B82C2B5F-A01D-37FE-A219-E7ED6502A461}
	EndProjectSection
EndProject
Project("{8BC9CEB8-8B4A-11D0-8D11-00A0C91BC942}") = "ZERO_CHECK", "ZERO_CHECK.vcxproj", "{CE2B2D83-713D-3257-BFB2-67DB6C65C514}"
	ProjectSection(ProjectDependencies) = postProject
	EndProjectSection
EndProject
Project("{8BC9CEB8-8B4A-11D0-8D11-00A0C91BC942}") = "glad", "glad\glad.vcxproj", "{ED9B6EDD-D638-3B82-85AA-1929E6B740FF}"
	ProjectSection(ProjectDependencies) = postProject
		{CE2B2D83-713D-3257-BFB2-67DB6C65C514} = {CE2B2D83-713D-3257-BFB2-67DB6C65C514}
	EndProjectSection
EndProject
Project("{8BC9CEB8-8B4A-11D0-8D11-00A0C91BC942}") = "glfw", "glfw\src\glfw.vcxproj", "{8ED39254-D427-39A6-A45F-5915BF10A476}"
	ProjectSection(ProjectDependencies) = postProject
		{CE2B2D83-713D-3257-BFB2-67DB6C65C514} = {CE2B2D83-713D-3257-BFB2-67DB6C65C514}
	EndProjectSection
EndProject
Project("{8BC9CEB8-8B4A-11D0-8D11-00A0C91BC942}") = "imgui", "imgui\imgui.vcxproj", "{DE80C894-CC73-3331-8637-132C174C35CA}"
	ProjectSection(ProjectDependencies) = postProject
		{CE2B2D83-713D-3257-BFB2-67DB6C65C514} = {CE2B2D83-713D-3257-BFB2-67DB6C65C514}
		{ED9B6EDD-D638-3B82-85AA-1929E6B740FF} = {ED9B6EDD-D638-3B82-85AA-1929E6B740FF}
		{8ED39254-D427-39A6-A45F-5915BF10A476} = {8ED39254-D427-39A6-A45F-5915BF10A476}
	EndProjectSection
EndProject
Project("{8BC9CEB8-8B4A-11D0-8D11-00A0C91BC942}") = "tinyxml2", "tinyxml2.vcxproj", "{B82C2B5F-A01D-37FE-A219-E7ED6502A461}"
	ProjectSection(ProjectDependencies) = postProject
		{CE2B2D83-713D-3257-BFB2-67DB6C65C514} = {CE2B2D83-713D-3257-BFB2-67DB6C65C514}
	EndProjectSection
EndProject
Global
	GlobalSection(SolutionConfigurationPlatforms) = preSolution
		Debug|x64 = Debug|x64
		Release|x64 = Release|x64
		MinSizeRel|x64 = MinSizeRel|x64
		RelWithDebInfo|x64 = RelWithDebInfo|x64
	EndGlobalSection
	GlobalSection(ProjectConfigurationPlatforms) = postSolution
		{9A13BE7D-88DB-30C3-A2AD-85F639E99415}.Debug|x64.ActiveCfg = Debug|x64
		{9A13BE7D-88DB-30C3-A2AD-85F639E99415}.Release|x64.ActiveCfg = Release|x64
		{9A13BE7D-88DB-30C3-A2AD-85F639E99415}.MinSizeRel|x64.ActiveCfg = MinSizeRel|x64
		{9A13BE7D-88DB-30C3-A2AD-85F639E99415}.RelWithDebInfo|x64.ActiveCfg = RelWithDebInfo|x64
		{2E0D7817-C365-3642-9A75-ACBEE362F7D7}.Debug|x64.ActiveCfg = Debug|x64
		{2E0D7817-C365-3642-9A75-ACBEE362F7D7}.Debug|x64.Build.0 = Debug|x64
		{2E0D7817-C365-3642-9A75-ACBEE362F7D7}.Release|x64.ActiveCfg = Release|x64
		{2E0D7817-C365-3642-9A75-ACBEE362F7D7}.Release|x64.Build.0 = Release|x64
		{2E0D7817-C365-3642-9A75-ACBEE362F7D7}.MinSizeRel|x64.ActiveCfg = MinSizeRel|x64
		{2E0D7817-C365-3642-9A75-ACBEE362F7D7}.MinSizeRel|x64.Build.0 = MinSizeRel|x64
		{2E0D7817-C365-3642-9A75-ACBEE362F7D7}.RelWithDebInfo|x64.ActiveCfg = RelWithDebInfo|x64
		{2E0D7817-C365-3642-9A75-ACBEE362F7D7}.RelWithDebInfo|x64.Build.0 = RelWithDebInfo|x64
		{CE2B2D83-713D-3257-BFB2-67DB6C65C514}.Debug|x64.ActiveCfg = Debug|x64
		{CE2B2D83-713D-3257-BFB2-67DB6C65C514}.Debug|x64.Build.0 = Debug|x64
		{CE2B2D83-713D-3257-BFB2-67DB6C65C514}.Release|x64.ActiveCfg = Release|x64
		{CE2B2D83-713D-3257-BFB2-67DB6C65C514}.Release|x64.Build.0 = Release|x64
		{CE2B2D83-713D-3257-BFB2-67DB6C65C514}.MinSizeRel|x64.ActiveCfg = MinSizeRel|x64
		{CE2B2D83-713D-3257-BFB2-67DB6C65C514}.MinSizeRel|x64.Build.0 = MinSizeRel|x64
		{CE2B2D83-713D-3257-BFB2-67DB6C65C514}.RelWithDebInfo|x64.ActiveCfg = RelWithDebInfo|x64
		{CE2B2D83-713D-3257-BFB2-67DB6C65C514}.RelWithDebInfo|x64.Build.0 = RelWithDebInfo|x64
		{ED9B6EDD-D638-3B82-85AA-1929E6B740FF}.Debug|x64.ActiveCfg = Debug|x64
		{ED9B6EDD-D638-3B82-85AA-1929E6B740FF}.Debug|x64.Build.0 = Debug|x64
		{ED9B6EDD-D638-3B82-85AA-1929E6B740FF}.Release|x64.ActiveCfg = Release|x64
		{ED9B6EDD-D638-3B82-85AA-1929E6B740FF}.Release|x64.Build.0 = Release|x64
		{ED9B6EDD-D638-3B82-85AA-1929E6B740FF}.MinSizeRel|x64.ActiveCfg = MinSizeRel|x64
		{ED9B6EDD-D638-3B82-85AA-1929E6B740FF}.MinSizeRel|x64.Build.0 = MinSizeRel|x64
		{ED9B6EDD-D638-3B82-85AA-1929E6B740FF}.RelWithDebInfo|x64.ActiveCfg = RelWithDebInfo|x64
		{ED9B6EDD-D638-3B82-85AA-1929E6B740FF}.RelWithDebInfo|x64.Build.0 = RelWithDebInfo|x64
		{8ED39254-D427-39A6-A45F-5915BF10A476}.Debug|x64.ActiveCfg = Debug|x64
		{8ED39254-D427-39A6-A45F-5915BF10A476}.Debug|x64.Build.0 = Debug|x64
		{8ED39254-D427-39A6-A45F-5915BF10A476}.Release|x64.ActiveCfg = Release|x64
		{8ED39254-D427-39A6-A45F-5915BF10A476}.Release|x64.Build.0 = Release|x64
		{8ED39254-D427-39A6-A45F-5915BF10A476}.MinSizeRel|x64.ActiveCfg = MinSizeRel|x64
		{8ED39254-D427-39A6-A45F-5915BF10A476}.MinSizeRel|x64.Build.0 = MinSizeRel|x64
		{8ED39254-D427-39A6-A45F-5915BF10A476}.RelWithDebInfo|x64.ActiveCfg = RelWithDebInfo|x64
		{8ED39254-D427-39A6-A45F-5915BF10A476}.RelWithDebInfo|x64.Build.0 = RelWithDebInfo|x64
		{DE80C894-CC73-3331-8637-132C174C35CA}.Debug|x64.ActiveCfg = Debug|x64
		{DE80C894-CC73-3331-8637-132C174C35CA}.Debug|x64.Build.0 = Debug|x64
		{DE80C894-CC73-3331-8637-132C174C35CA}.Release|x64.ActiveCfg = Release|x64
		{DE80C894-CC73-3331-8637-132C174C35CA}.Release|x64.Build.0 = Release|x64
		{DE80C894-CC73-3331-8637-132C174C35CA}.MinSizeRel|x64.ActiveCfg = MinSizeRel|x64
		{DE80C894-CC73-3331-8637-132C174C35CA}.MinSizeRel|x64.Build.0 = MinSizeRel|x64
		{DE80C894-CC73-3331-8637-132C174C35CA}.RelWithDebInfo|x64.ActiveCfg = RelWithDebInfo|x64
		{DE80C894-CC73-3331-8637-132C174C35CA}.RelWithDebInfo|x64.Build.0 = RelWithDebInfo|x64
		{B82C2B5F-A01D-37FE-A219-E7ED6502A461}.Debug|x64.ActiveCfg = Debug|x64
		{B82C2B5F-A01D-37FE-A219-E7ED6502A461}.Debug|x64.Build.0 = Debug|x64
		{B82C2B5F-A01D-37FE-A219-E7ED6502A461}.Release|x64.ActiveCfg = Release|x64
		{B82C2B5F-A01D-37FE-A219-E7ED6502A461}.Release|x64.Build.0 = Release|x64
		{B82C2B5F-A01D-37FE-A219-E7ED6502A461}.MinSizeRel|x64.ActiveCfg = MinSizeRel|x64
		{B82C2B5F-A01D-37FE-A219-E7ED6502A461}.MinSizeRel|x64.Build.0 = MinSizeRel|x64
		{B82C2B5F-A01D-37FE-A219-E7ED6502A461}.RelWithDebInfo|x64.ActiveCfg = RelWithDebInfo|x64
		{B82C2B5F-A01D-37FE-A219-E7ED6502A461}.RelWithDebInfo|x64.Build.0 = RelWithDebInfo|x64
	EndGlobalSection
	GlobalSection(NestedProjects) = preSolution
		{9A13BE7D-88DB-30C3-A2AD-85F639E99415} = {19FA24C1-3D1F-3348-9283-67AA74CC3E9F}
		{CE2B2D83-713D-3257-BFB2-67DB6C65C514} = {19FA24C1-3D1F-3348-9283-67AA74CC3E9F}
		{8ED39254-D427-39A6-A45F-5915BF10A476} = {F82FD645-62DC-3FC6-BC97-758F6754162D}
	EndGlobalSection
	GlobalSection(ExtensibilityGlobals) = postSolution
		SolutionGuid = {BDCCF78C-4E99-32B4-93CB-7BAA8B933822}
	EndGlobalSection
	GlobalSection(ExtensibilityAddIns) = postSolution
	EndGlobalSection
EndGlobal
